// !$*UTF8*$!
{
	archiveVersion = 1;
	classes = {
	};
	objectVersion = 54;
	objects = {

/* Begin PBXBuildFile section */
		00E356F31AD99517003FC87E /* GenesisTests.m in Sources */ = {isa = PBXBuildFile; fileRef = 00E356F21AD99517003FC87E /* GenesisTests.m */; };
		027ADA9D2FEA45919A287F01 /* Inter-Bold.ttf in Resources */ = {isa = PBXBuildFile; fileRef = CAF93755B4AF4324A07AC1F2 /* Inter-Bold.ttf */; };
		0682E56FCE69479CA1BE589B /* Poppins-Medium.ttf in Resources */ = {isa = PBXBuildFile; fileRef = 92B40BD0E3184D538E4FCF43 /* Poppins-Medium.ttf */; };
		0C80B921A6F3F58F76C31292 /* libPods-Genesis.a in Frameworks */ = {isa = PBXBuildFile; fileRef = 5DCACB8F33CDC322A6C60F78 /* libPods-Genesis.a */; };
		10D5E62AADD14C0D8E54BB98 /* Inter-Medium.ttf in Resources */ = {isa = PBXBuildFile; fileRef = EA54D826CFBE49CEAF86AFF4 /* Inter-Medium.ttf */; };
		1390BCF08B9148FFA50D3C18 /* Roboto-LightItalic.ttf in Resources */ = {isa = PBXBuildFile; fileRef = 520F0ABABF324C64941E5D3C /* Roboto-LightItalic.ttf */; };
		13B07FBC1A68108700A75B9A /* AppDelegate.mm in Sources */ = {isa = PBXBuildFile; fileRef = 13B07FB01A68108700A75B9A /* AppDelegate.mm */; };
		13B07FBF1A68108700A75B9A /* Images.xcassets in Resources */ = {isa = PBXBuildFile; fileRef = 13B07FB51A68108700A75B9A /* Images.xcassets */; };
		13B07FC11A68108700A75B9A /* main.m in Sources */ = {isa = PBXBuildFile; fileRef = 13B07FB71A68108700A75B9A /* main.m */; };
		1443B2737132462483D3EFC9 /* Poppins-ExtraBold.ttf in Resources */ = {isa = PBXBuildFile; fileRef = C9BD154001BA44D3B3967325 /* Poppins-ExtraBold.ttf */; };
		1A207D326454458187EE2650 /* Poppins-BlackItalic.ttf in Resources */ = {isa = PBXBuildFile; fileRef = 3D2B9D92A2BE47CA810C340D /* Poppins-BlackItalic.ttf */; };
		1A2AA0E420F04F5C9F59AB72 /* Poppins-SemiBoldItalic.ttf in Resources */ = {isa = PBXBuildFile; fileRef = C276B7F60DA1463B9F63ED0B /* Poppins-SemiBoldItalic.ttf */; };
		1D36A5DF624744488DDECDA9 /* Roboto-ThinItalic.ttf in Resources */ = {isa = PBXBuildFile; fileRef = 156719B5C0EE4825A90C0AAC /* Roboto-ThinItalic.ttf */; };
		2549ECD239024C9B95CE3095 /* Inter-Black.ttf in Resources */ = {isa = PBXBuildFile; fileRef = 2AD06368A322401E95E8518F /* Inter-Black.ttf */; };
		3AB8C9BE52854A649A980856 /* Inter-ExtraBold.ttf in Resources */ = {isa = PBXBuildFile; fileRef = 3CEEC89E3C344912BB6A125E /* Inter-ExtraBold.ttf */; };
		3B80B45FCA1D4C01B834F1C2 /* Roboto-Italic.ttf in Resources */ = {isa = PBXBuildFile; fileRef = 28EB6FC9B8C94788B937F5DD /* Roboto-Italic.ttf */; };
		56A478AA34024C42B4E4C8D4 /* Poppins-Thin.ttf in Resources */ = {isa = PBXBuildFile; fileRef = 86CBCE1FC55B4B9286FDC6E8 /* Poppins-Thin.ttf */; };
		58B985CBAD724F25B6CFC5EF /* Poppins-ThinItalic.ttf in Resources */ = {isa = PBXBuildFile; fileRef = 1BEB9E702A124BEA95DB46C8 /* Poppins-ThinItalic.ttf */; };
		5B3FF2B6FA5341C89AD5FCEA /* Poppins-Light.ttf in Resources */ = {isa = PBXBuildFile; fileRef = A6F8D34A44C54FC7A62BB985 /* Poppins-Light.ttf */; };
		694CC01FBB7E4B68889E3269 /* Poppins-BoldItalic.ttf in Resources */ = {isa = PBXBuildFile; fileRef = 6AB36C16A0694B3B90633EDC /* Poppins-BoldItalic.ttf */; };
		6BED0AB9910E411B85271350 /* Poppins-SemiBold.ttf in Resources */ = {isa = PBXBuildFile; fileRef = 5EFA710A8B764D2B9375C31E /* Poppins-SemiBold.ttf */; };
		7699B88040F8A987B510C191 /* libPods-Genesis-GenesisTests.a in Frameworks */ = {isa = PBXBuildFile; fileRef = 19F6CBCC0A4E27FBF8BF4A61 /* libPods-Genesis-GenesisTests.a */; };
		81AB9BB82411601600AC10FF /* LaunchScreen.storyboard in Resources */ = {isa = PBXBuildFile; fileRef = 81AB9BB72411601600AC10FF /* LaunchScreen.storyboard */; };
		853EB36215DB431B914C939E /* Inter-Regular.ttf in Resources */ = {isa = PBXBuildFile; fileRef = 82E51D6B1A3E4C6CA6337FCF /* Inter-Regular.ttf */; };
		871EF140321844A4B19E1B1C /* Roboto-Regular.ttf in Resources */ = {isa = PBXBuildFile; fileRef = 43EE0A62670D421FA5A6220A /* Roboto-Regular.ttf */; };
		8ACEA28C993544C39D36A7AD /* Inter-Thin.ttf in Resources */ = {isa = PBXBuildFile; fileRef = 6CF67853651C483298DA289A /* Inter-Thin.ttf */; };
		90318982326140118F9CF2C8 /* Poppins-Regular.ttf in Resources */ = {isa = PBXBuildFile; fileRef = 39098878095743F887D2DDAF /* Poppins-Regular.ttf */; };
		9721368DC76F4B1E81D8C060 /* Roboto-BlackItalic.ttf in Resources */ = {isa = PBXBuildFile; fileRef = D84BCE8C1C4A470799854D20 /* Roboto-BlackItalic.ttf */; };
		A047B425FF4D471FAB270AB3 /* Poppins-LightItalic.ttf in Resources */ = {isa = PBXBuildFile; fileRef = 8BBF4AB01D4D4B3DA889D012 /* Poppins-LightItalic.ttf */; };
		A6D3D71EC798483783FB778B /* Inter-SemiBold.ttf in Resources */ = {isa = PBXBuildFile; fileRef = FE4D01035E354B7F91B620EE /* Inter-SemiBold.ttf */; };
		B40865C860C6453A95CC5FAC /* Roboto-MediumItalic.ttf in Resources */ = {isa = PBXBuildFile; fileRef = DCE9169187824E8E8591A2B9 /* Roboto-MediumItalic.ttf */; };
		C6BF3F71FB6249C1AC980E61 /* Roboto-Bold.ttf in Resources */ = {isa = PBXBuildFile; fileRef = E6C39D9281C845C1B426F87E /* Roboto-Bold.ttf */; };
		C87F414797834B6B8577E6DA /* Poppins-MediumItalic.ttf in Resources */ = {isa = PBXBuildFile; fileRef = 506900D8353E4B4CBC72F20F /* Poppins-MediumItalic.ttf */; };
		CFC6679AC465495B8C33639C /* Poppins-ExtraLightItalic.ttf in Resources */ = {isa = PBXBuildFile; fileRef = C1779F40926849DC8882857D /* Poppins-ExtraLightItalic.ttf */; };
		D1771AF1726A4ED79F02561C /* Roboto-Medium.ttf in Resources */ = {isa = PBXBuildFile; fileRef = D233A1768DB740F6A3ECCDDA /* Roboto-Medium.ttf */; };
		D2350EDEA5CC4317A5FE1D9E /* Roboto-Black.ttf in Resources */ = {isa = PBXBuildFile; fileRef = 45E6ABA1021D4B6BA9F757DA /* Roboto-Black.ttf */; };
		D24DE8B4ABD2455F8917A16C /* Poppins-ExtraBoldItalic.ttf in Resources */ = {isa = PBXBuildFile; fileRef = 34BCA481FF6940BF9A65C956 /* Poppins-ExtraBoldItalic.ttf */; };
		D290D07F16E24E4890F1B7C9 /* Inter-Light.ttf in Resources */ = {isa = PBXBuildFile; fileRef = 486E50F7C9524DB6B3271EC2 /* Inter-Light.ttf */; };
		D59C5973B38D4FB9B46F9148 /* Inter-ExtraLight.ttf in Resources */ = {isa = PBXBuildFile; fileRef = 7C3867E676E5439C970A7192 /* Inter-ExtraLight.ttf */; };
		D63BB4FD2AFF87D90071E922 /* Fontisto.ttf in Resources */ = {isa = PBXBuildFile; fileRef = D63BB4EA2AFF87D80071E922 /* Fontisto.ttf */; };
		D63BB4FE2AFF87D90071E922 /* Octicons.ttf in Resources */ = {isa = PBXBuildFile; fileRef = D63BB4EB2AFF87D80071E922 /* Octicons.ttf */; };
		D63BB4FF2AFF87D90071E922 /* Feather.ttf in Resources */ = {isa = PBXBuildFile; fileRef = D63BB4EC2AFF87D80071E922 /* Feather.ttf */; };
		D63BB5002AFF87D90071E922 /* FontAwesome6_Regular.ttf in Resources */ = {isa = PBXBuildFile; fileRef = D63BB4ED2AFF87D80071E922 /* FontAwesome6_Regular.ttf */; };
		D63BB5012AFF87D90071E922 /* Entypo.ttf in Resources */ = {isa = PBXBuildFile; fileRef = D63BB4EE2AFF87D90071E922 /* Entypo.ttf */; };
		D63BB5022AFF87D90071E922 /* FontAwesome5_Brands.ttf in Resources */ = {isa = PBXBuildFile; fileRef = D63BB4EF2AFF87D90071E922 /* FontAwesome5_Brands.ttf */; };
		D63BB5032AFF87D90071E922 /* MaterialCommunityIcons.ttf in Resources */ = {isa = PBXBuildFile; fileRef = D63BB4F02AFF87D90071E922 /* MaterialCommunityIcons.ttf */; };
		D63BB5042AFF87D90071E922 /* AntDesign.ttf in Resources */ = {isa = PBXBuildFile; fileRef = D63BB4F12AFF87D90071E922 /* AntDesign.ttf */; };
		D63BB5052AFF87D90071E922 /* Foundation.ttf in Resources */ = {isa = PBXBuildFile; fileRef = D63BB4F22AFF87D90071E922 /* Foundation.ttf */; };
		D63BB5062AFF87D90071E922 /* Ionicons.ttf in Resources */ = {isa = PBXBuildFile; fileRef = D63BB4F32AFF87D90071E922 /* Ionicons.ttf */; };
		D63BB5072AFF87D90071E922 /* FontAwesome5_Solid.ttf in Resources */ = {isa = PBXBuildFile; fileRef = D63BB4F42AFF87D90071E922 /* FontAwesome5_Solid.ttf */; };
		D63BB5082AFF87D90071E922 /* FontAwesome5_Regular.ttf in Resources */ = {isa = PBXBuildFile; fileRef = D63BB4F52AFF87D90071E922 /* FontAwesome5_Regular.ttf */; };
		D63BB5092AFF87D90071E922 /* FontAwesome.ttf in Resources */ = {isa = PBXBuildFile; fileRef = D63BB4F62AFF87D90071E922 /* FontAwesome.ttf */; };
		D63BB50A2AFF87D90071E922 /* Zocial.ttf in Resources */ = {isa = PBXBuildFile; fileRef = D63BB4F72AFF87D90071E922 /* Zocial.ttf */; };
		D63BB50B2AFF87D90071E922 /* EvilIcons.ttf in Resources */ = {isa = PBXBuildFile; fileRef = D63BB4F82AFF87D90071E922 /* EvilIcons.ttf */; };
		D63BB50C2AFF87D90071E922 /* FontAwesome6_Solid.ttf in Resources */ = {isa = PBXBuildFile; fileRef = D63BB4F92AFF87D90071E922 /* FontAwesome6_Solid.ttf */; };
		D63BB50D2AFF87D90071E922 /* SimpleLineIcons.ttf in Resources */ = {isa = PBXBuildFile; fileRef = D63BB4FA2AFF87D90071E922 /* SimpleLineIcons.ttf */; };
		D63BB50E2AFF87D90071E922 /* FontAwesome6_Brands.ttf in Resources */ = {isa = PBXBuildFile; fileRef = D63BB4FB2AFF87D90071E922 /* FontAwesome6_Brands.ttf */; };
		D63BB50F2AFF87D90071E922 /* MaterialIcons.ttf in Resources */ = {isa = PBXBuildFile; fileRef = D63BB4FC2AFF87D90071E922 /* MaterialIcons.ttf */; };
		E12B978DE850421A94174998 /* Poppins-Bold.ttf in Resources */ = {isa = PBXBuildFile; fileRef = FB33EDF3A4B94032AA3DAAED /* Poppins-Bold.ttf */; };
		E5E06B9B4EB6471296E14792 /* Roboto-BoldItalic.ttf in Resources */ = {isa = PBXBuildFile; fileRef = E31F726DF2854439AAA31B66 /* Roboto-BoldItalic.ttf */; };
		EDECECE5DD0F415CAE4B58B6 /* Roboto-Thin.ttf in Resources */ = {isa = PBXBuildFile; fileRef = DA966201ED334F5597DA526E /* Roboto-Thin.ttf */; };
		EF226C59CDDD42B9A4E81F6C /* Poppins-ExtraLight.ttf in Resources */ = {isa = PBXBuildFile; fileRef = 3B766D481ED741FD9E987A2F /* Poppins-ExtraLight.ttf */; };
		F5A990DA9E844137B25273CE /* Roboto-Light.ttf in Resources */ = {isa = PBXBuildFile; fileRef = 3DB2AE5D110349AC9B570786 /* Roboto-Light.ttf */; };
		FC3A0234593648418C0B9712 /* Poppins-Italic.ttf in Resources */ = {isa = PBXBuildFile; fileRef = EA0E913BBF12487286C9F799 /* Poppins-Italic.ttf */; };
		FCEACE6767C04BA38979C2F0 /* Poppins-Black.ttf in Resources */ = {isa = PBXBuildFile; fileRef = F59710024CCB4A229EF0CAE7 /* Poppins-Black.ttf */; };
/* End PBXBuildFile section */

/* Begin PBXContainerItemProxy section */
		00E356F41AD99517003FC87E /* PBXContainerItemProxy */ = {
			isa = PBXContainerItemProxy;
			containerPortal = 83CBB9F71A601CBA00E9B192 /* Project object */;
			proxyType = 1;
			remoteGlobalIDString = 13B07F861A680F5B00A75B9A;
			remoteInfo = Genesis;
		};
/* End PBXContainerItemProxy section */

/* Begin PBXFileReference section */
		00E356EE1AD99517003FC87E /* GenesisTests.xctest */ = {isa = PBXFileReference; explicitFileType = wrapper.cfbundle; includeInIndex = 0; path = GenesisTests.xctest; sourceTree = BUILT_PRODUCTS_DIR; };
		00E356F11AD99517003FC87E /* Info.plist */ = {isa = PBXFileReference; lastKnownFileType = text.plist.xml; path = Info.plist; sourceTree = "<group>"; };
		00E356F21AD99517003FC87E /* GenesisTests.m */ = {isa = PBXFileReference; lastKnownFileType = sourcecode.c.objc; path = GenesisTests.m; sourceTree = "<group>"; };
		13B07F961A680F5B00A75B9A /* Genesis.app */ = {isa = PBXFileReference; explicitFileType = wrapper.application; includeInIndex = 0; path = Genesis.app; sourceTree = BUILT_PRODUCTS_DIR; };
		13B07FAF1A68108700A75B9A /* AppDelegate.h */ = {isa = PBXFileReference; fileEncoding = 4; lastKnownFileType = sourcecode.c.h; name = AppDelegate.h; path = Genesis/AppDelegate.h; sourceTree = "<group>"; };
		13B07FB01A68108700A75B9A /* AppDelegate.mm */ = {isa = PBXFileReference; fileEncoding = 4; lastKnownFileType = sourcecode.cpp.objcpp; name = AppDelegate.mm; path = Genesis/AppDelegate.mm; sourceTree = "<group>"; };
		13B07FB51A68108700A75B9A /* Images.xcassets */ = {isa = PBXFileReference; lastKnownFileType = folder.assetcatalog; name = Images.xcassets; path = Genesis/Images.xcassets; sourceTree = "<group>"; };
		13B07FB61A68108700A75B9A /* Info.plist */ = {isa = PBXFileReference; fileEncoding = 4; lastKnownFileType = text.plist.xml; name = Info.plist; path = Genesis/Info.plist; sourceTree = "<group>"; };
		13B07FB71A68108700A75B9A /* main.m */ = {isa = PBXFileReference; fileEncoding = 4; lastKnownFileType = sourcecode.c.objc; name = main.m; path = Genesis/main.m; sourceTree = "<group>"; };
		156719B5C0EE4825A90C0AAC /* Roboto-ThinItalic.ttf */ = {isa = PBXFileReference; explicitFileType = undefined; fileEncoding = 9; includeInIndex = 0; lastKnownFileType = unknown; name = "Roboto-ThinItalic.ttf"; path = "../src/assets/fonts/Roboto-ThinItalic.ttf"; sourceTree = "<group>"; };
		19F6CBCC0A4E27FBF8BF4A61 /* libPods-Genesis-GenesisTests.a */ = {isa = PBXFileReference; explicitFileType = archive.ar; includeInIndex = 0; path = "libPods-Genesis-GenesisTests.a"; sourceTree = BUILT_PRODUCTS_DIR; };
		1BEB9E702A124BEA95DB46C8 /* Poppins-ThinItalic.ttf */ = {isa = PBXFileReference; explicitFileType = undefined; fileEncoding = 9; includeInIndex = 0; lastKnownFileType = unknown; name = "Poppins-ThinItalic.ttf"; path = "../src/assets/fonts/Poppins-ThinItalic.ttf"; sourceTree = "<group>"; };
		28EB6FC9B8C94788B937F5DD /* Roboto-Italic.ttf */ = {isa = PBXFileReference; explicitFileType = undefined; fileEncoding = 9; includeInIndex = 0; lastKnownFileType = unknown; name = "Roboto-Italic.ttf"; path = "../src/assets/fonts/Roboto-Italic.ttf"; sourceTree = "<group>"; };
		2AD06368A322401E95E8518F /* Inter-Black.ttf */ = {isa = PBXFileReference; explicitFileType = undefined; fileEncoding = 9; includeInIndex = 0; lastKnownFileType = unknown; name = "Inter-Black.ttf"; path = "../src/assets/fonts/Inter-Black.ttf"; sourceTree = "<group>"; };
		34BCA481FF6940BF9A65C956 /* Poppins-ExtraBoldItalic.ttf */ = {isa = PBXFileReference; explicitFileType = undefined; fileEncoding = 9; includeInIndex = 0; lastKnownFileType = unknown; name = "Poppins-ExtraBoldItalic.ttf"; path = "../src/assets/fonts/Poppins-ExtraBoldItalic.ttf"; sourceTree = "<group>"; };
		39098878095743F887D2DDAF /* Poppins-Regular.ttf */ = {isa = PBXFileReference; explicitFileType = undefined; fileEncoding = 9; includeInIndex = 0; lastKnownFileType = unknown; name = "Poppins-Regular.ttf"; path = "../src/assets/fonts/Poppins-Regular.ttf"; sourceTree = "<group>"; };
		3B4392A12AC88292D35C810B /* Pods-Genesis.debug.xcconfig */ = {isa = PBXFileReference; includeInIndex = 1; lastKnownFileType = text.xcconfig; name = "Pods-Genesis.debug.xcconfig"; path = "Target Support Files/Pods-Genesis/Pods-Genesis.debug.xcconfig"; sourceTree = "<group>"; };
		3B766D481ED741FD9E987A2F /* Poppins-ExtraLight.ttf */ = {isa = PBXFileReference; explicitFileType = undefined; fileEncoding = 9; includeInIndex = 0; lastKnownFileType = unknown; name = "Poppins-ExtraLight.ttf"; path = "../src/assets/fonts/Poppins-ExtraLight.ttf"; sourceTree = "<group>"; };
		3CEEC89E3C344912BB6A125E /* Inter-ExtraBold.ttf */ = {isa = PBXFileReference; explicitFileType = undefined; fileEncoding = 9; includeInIndex = 0; lastKnownFileType = unknown; name = "Inter-ExtraBold.ttf"; path = "../src/assets/fonts/Inter-ExtraBold.ttf"; sourceTree = "<group>"; };
		3D2B9D92A2BE47CA810C340D /* Poppins-BlackItalic.ttf */ = {isa = PBXFileReference; explicitFileType = undefined; fileEncoding = 9; includeInIndex = 0; lastKnownFileType = unknown; name = "Poppins-BlackItalic.ttf"; path = "../src/assets/fonts/Poppins-BlackItalic.ttf"; sourceTree = "<group>"; };
		3DB2AE5D110349AC9B570786 /* Roboto-Light.ttf */ = {isa = PBXFileReference; explicitFileType = undefined; fileEncoding = 9; includeInIndex = 0; lastKnownFileType = unknown; name = "Roboto-Light.ttf"; path = "../src/assets/fonts/Roboto-Light.ttf"; sourceTree = "<group>"; };
		43EE0A62670D421FA5A6220A /* Roboto-Regular.ttf */ = {isa = PBXFileReference; explicitFileType = undefined; fileEncoding = 9; includeInIndex = 0; lastKnownFileType = unknown; name = "Roboto-Regular.ttf"; path = "../src/assets/fonts/Roboto-Regular.ttf"; sourceTree = "<group>"; };
		45E6ABA1021D4B6BA9F757DA /* Roboto-Black.ttf */ = {isa = PBXFileReference; explicitFileType = undefined; fileEncoding = 9; includeInIndex = 0; lastKnownFileType = unknown; name = "Roboto-Black.ttf"; path = "../src/assets/fonts/Roboto-Black.ttf"; sourceTree = "<group>"; };
		486E50F7C9524DB6B3271EC2 /* Inter-Light.ttf */ = {isa = PBXFileReference; explicitFileType = undefined; fileEncoding = 9; includeInIndex = 0; lastKnownFileType = unknown; name = "Inter-Light.ttf"; path = "../src/assets/fonts/Inter-Light.ttf"; sourceTree = "<group>"; };
		506900D8353E4B4CBC72F20F /* Poppins-MediumItalic.ttf */ = {isa = PBXFileReference; explicitFileType = undefined; fileEncoding = 9; includeInIndex = 0; lastKnownFileType = unknown; name = "Poppins-MediumItalic.ttf"; path = "../src/assets/fonts/Poppins-MediumItalic.ttf"; sourceTree = "<group>"; };
		520F0ABABF324C64941E5D3C /* Roboto-LightItalic.ttf */ = {isa = PBXFileReference; explicitFileType = undefined; fileEncoding = 9; includeInIndex = 0; lastKnownFileType = unknown; name = "Roboto-LightItalic.ttf"; path = "../src/assets/fonts/Roboto-LightItalic.ttf"; sourceTree = "<group>"; };
		5709B34CF0A7D63546082F79 /* Pods-Genesis.release.xcconfig */ = {isa = PBXFileReference; includeInIndex = 1; lastKnownFileType = text.xcconfig; name = "Pods-Genesis.release.xcconfig"; path = "Target Support Files/Pods-Genesis/Pods-Genesis.release.xcconfig"; sourceTree = "<group>"; };
		5B7EB9410499542E8C5724F5 /* Pods-Genesis-GenesisTests.debug.xcconfig */ = {isa = PBXFileReference; includeInIndex = 1; lastKnownFileType = text.xcconfig; name = "Pods-Genesis-GenesisTests.debug.xcconfig"; path = "Target Support Files/Pods-Genesis-GenesisTests/Pods-Genesis-GenesisTests.debug.xcconfig"; sourceTree = "<group>"; };
		5DCACB8F33CDC322A6C60F78 /* libPods-Genesis.a */ = {isa = PBXFileReference; explicitFileType = archive.ar; includeInIndex = 0; path = "libPods-Genesis.a"; sourceTree = BUILT_PRODUCTS_DIR; };
		5EFA710A8B764D2B9375C31E /* Poppins-SemiBold.ttf */ = {isa = PBXFileReference; explicitFileType = undefined; fileEncoding = 9; includeInIndex = 0; lastKnownFileType = unknown; name = "Poppins-SemiBold.ttf"; path = "../src/assets/fonts/Poppins-SemiBold.ttf"; sourceTree = "<group>"; };
		6AB36C16A0694B3B90633EDC /* Poppins-BoldItalic.ttf */ = {isa = PBXFileReference; explicitFileType = undefined; fileEncoding = 9; includeInIndex = 0; lastKnownFileType = unknown; name = "Poppins-BoldItalic.ttf"; path = "../src/assets/fonts/Poppins-BoldItalic.ttf"; sourceTree = "<group>"; };
		6CF67853651C483298DA289A /* Inter-Thin.ttf */ = {isa = PBXFileReference; explicitFileType = undefined; fileEncoding = 9; includeInIndex = 0; lastKnownFileType = unknown; name = "Inter-Thin.ttf"; path = "../src/assets/fonts/Inter-Thin.ttf"; sourceTree = "<group>"; };
		7C3867E676E5439C970A7192 /* Inter-ExtraLight.ttf */ = {isa = PBXFileReference; explicitFileType = undefined; fileEncoding = 9; includeInIndex = 0; lastKnownFileType = unknown; name = "Inter-ExtraLight.ttf"; path = "../src/assets/fonts/Inter-ExtraLight.ttf"; sourceTree = "<group>"; };
		81AB9BB72411601600AC10FF /* LaunchScreen.storyboard */ = {isa = PBXFileReference; fileEncoding = 4; lastKnownFileType = file.storyboard; name = LaunchScreen.storyboard; path = Genesis/LaunchScreen.storyboard; sourceTree = "<group>"; };
		82E51D6B1A3E4C6CA6337FCF /* Inter-Regular.ttf */ = {isa = PBXFileReference; explicitFileType = undefined; fileEncoding = 9; includeInIndex = 0; lastKnownFileType = unknown; name = "Inter-Regular.ttf"; path = "../src/assets/fonts/Inter-Regular.ttf"; sourceTree = "<group>"; };
		86CBCE1FC55B4B9286FDC6E8 /* Poppins-Thin.ttf */ = {isa = PBXFileReference; explicitFileType = undefined; fileEncoding = 9; includeInIndex = 0; lastKnownFileType = unknown; name = "Poppins-Thin.ttf"; path = "../src/assets/fonts/Poppins-Thin.ttf"; sourceTree = "<group>"; };
		89C6BE57DB24E9ADA2F236DE /* Pods-Genesis-GenesisTests.release.xcconfig */ = {isa = PBXFileReference; includeInIndex = 1; lastKnownFileType = text.xcconfig; name = "Pods-Genesis-GenesisTests.release.xcconfig"; path = "Target Support Files/Pods-Genesis-GenesisTests/Pods-Genesis-GenesisTests.release.xcconfig"; sourceTree = "<group>"; };
		8BBF4AB01D4D4B3DA889D012 /* Poppins-LightItalic.ttf */ = {isa = PBXFileReference; explicitFileType = undefined; fileEncoding = 9; includeInIndex = 0; lastKnownFileType = unknown; name = "Poppins-LightItalic.ttf"; path = "../src/assets/fonts/Poppins-LightItalic.ttf"; sourceTree = "<group>"; };
		92B40BD0E3184D538E4FCF43 /* Poppins-Medium.ttf */ = {isa = PBXFileReference; explicitFileType = undefined; fileEncoding = 9; includeInIndex = 0; lastKnownFileType = unknown; name = "Poppins-Medium.ttf"; path = "../src/assets/fonts/Poppins-Medium.ttf"; sourceTree = "<group>"; };
		A6F8D34A44C54FC7A62BB985 /* Poppins-Light.ttf */ = {isa = PBXFileReference; explicitFileType = undefined; fileEncoding = 9; includeInIndex = 0; lastKnownFileType = unknown; name = "Poppins-Light.ttf"; path = "../src/assets/fonts/Poppins-Light.ttf"; sourceTree = "<group>"; };
		C1779F40926849DC8882857D /* Poppins-ExtraLightItalic.ttf */ = {isa = PBXFileReference; explicitFileType = undefined; fileEncoding = 9; includeInIndex = 0; lastKnownFileType = unknown; name = "Poppins-ExtraLightItalic.ttf"; path = "../src/assets/fonts/Poppins-ExtraLightItalic.ttf"; sourceTree = "<group>"; };
		C276B7F60DA1463B9F63ED0B /* Poppins-SemiBoldItalic.ttf */ = {isa = PBXFileReference; explicitFileType = undefined; fileEncoding = 9; includeInIndex = 0; lastKnownFileType = unknown; name = "Poppins-SemiBoldItalic.ttf"; path = "../src/assets/fonts/Poppins-SemiBoldItalic.ttf"; sourceTree = "<group>"; };
		C9BD154001BA44D3B3967325 /* Poppins-ExtraBold.ttf */ = {isa = PBXFileReference; explicitFileType = undefined; fileEncoding = 9; includeInIndex = 0; lastKnownFileType = unknown; name = "Poppins-ExtraBold.ttf"; path = "../src/assets/fonts/Poppins-ExtraBold.ttf"; sourceTree = "<group>"; };
		CAF93755B4AF4324A07AC1F2 /* Inter-Bold.ttf */ = {isa = PBXFileReference; explicitFileType = undefined; fileEncoding = 9; includeInIndex = 0; lastKnownFileType = unknown; name = "Inter-Bold.ttf"; path = "../src/assets/fonts/Inter-Bold.ttf"; sourceTree = "<group>"; };
		D233A1768DB740F6A3ECCDDA /* Roboto-Medium.ttf */ = {isa = PBXFileReference; explicitFileType = undefined; fileEncoding = 9; includeInIndex = 0; lastKnownFileType = unknown; name = "Roboto-Medium.ttf"; path = "../src/assets/fonts/Roboto-Medium.ttf"; sourceTree = "<group>"; };
		D63BB4EA2AFF87D80071E922 /* Fontisto.ttf */ = {isa = PBXFileReference; lastKnownFileType = file; path = Fontisto.ttf; sourceTree = "<group>"; };
		D63BB4EB2AFF87D80071E922 /* Octicons.ttf */ = {isa = PBXFileReference; lastKnownFileType = file; path = Octicons.ttf; sourceTree = "<group>"; };
		D63BB4EC2AFF87D80071E922 /* Feather.ttf */ = {isa = PBXFileReference; lastKnownFileType = file; path = Feather.ttf; sourceTree = "<group>"; };
		D63BB4ED2AFF87D80071E922 /* FontAwesome6_Regular.ttf */ = {isa = PBXFileReference; lastKnownFileType = file; path = FontAwesome6_Regular.ttf; sourceTree = "<group>"; };
		D63BB4EE2AFF87D90071E922 /* Entypo.ttf */ = {isa = PBXFileReference; lastKnownFileType = file; path = Entypo.ttf; sourceTree = "<group>"; };
		D63BB4EF2AFF87D90071E922 /* FontAwesome5_Brands.ttf */ = {isa = PBXFileReference; lastKnownFileType = file; path = FontAwesome5_Brands.ttf; sourceTree = "<group>"; };
		D63BB4F02AFF87D90071E922 /* MaterialCommunityIcons.ttf */ = {isa = PBXFileReference; lastKnownFileType = file; path = MaterialCommunityIcons.ttf; sourceTree = "<group>"; };
		D63BB4F12AFF87D90071E922 /* AntDesign.ttf */ = {isa = PBXFileReference; lastKnownFileType = file; path = AntDesign.ttf; sourceTree = "<group>"; };
		D63BB4F22AFF87D90071E922 /* Foundation.ttf */ = {isa = PBXFileReference; lastKnownFileType = file; path = Foundation.ttf; sourceTree = "<group>"; };
		D63BB4F32AFF87D90071E922 /* Ionicons.ttf */ = {isa = PBXFileReference; lastKnownFileType = file; path = Ionicons.ttf; sourceTree = "<group>"; };
		D63BB4F42AFF87D90071E922 /* FontAwesome5_Solid.ttf */ = {isa = PBXFileReference; lastKnownFileType = file; path = FontAwesome5_Solid.ttf; sourceTree = "<group>"; };
		D63BB4F52AFF87D90071E922 /* FontAwesome5_Regular.ttf */ = {isa = PBXFileReference; lastKnownFileType = file; path = FontAwesome5_Regular.ttf; sourceTree = "<group>"; };
		D63BB4F62AFF87D90071E922 /* FontAwesome.ttf */ = {isa = PBXFileReference; lastKnownFileType = file; path = FontAwesome.ttf; sourceTree = "<group>"; };
		D63BB4F72AFF87D90071E922 /* Zocial.ttf */ = {isa = PBXFileReference; lastKnownFileType = file; path = Zocial.ttf; sourceTree = "<group>"; };
		D63BB4F82AFF87D90071E922 /* EvilIcons.ttf */ = {isa = PBXFileReference; lastKnownFileType = file; path = EvilIcons.ttf; sourceTree = "<group>"; };
		D63BB4F92AFF87D90071E922 /* FontAwesome6_Solid.ttf */ = {isa = PBXFileReference; lastKnownFileType = file; path = FontAwesome6_Solid.ttf; sourceTree = "<group>"; };
		D63BB4FA2AFF87D90071E922 /* SimpleLineIcons.ttf */ = {isa = PBXFileReference; lastKnownFileType = file; path = SimpleLineIcons.ttf; sourceTree = "<group>"; };
		D63BB4FB2AFF87D90071E922 /* FontAwesome6_Brands.ttf */ = {isa = PBXFileReference; lastKnownFileType = file; path = FontAwesome6_Brands.ttf; sourceTree = "<group>"; };
		D63BB4FC2AFF87D90071E922 /* MaterialIcons.ttf */ = {isa = PBXFileReference; lastKnownFileType = file; path = MaterialIcons.ttf; sourceTree = "<group>"; };
		D84BCE8C1C4A470799854D20 /* Roboto-BlackItalic.ttf */ = {isa = PBXFileReference; explicitFileType = undefined; fileEncoding = 9; includeInIndex = 0; lastKnownFileType = unknown; name = "Roboto-BlackItalic.ttf"; path = "../src/assets/fonts/Roboto-BlackItalic.ttf"; sourceTree = "<group>"; };
		DA966201ED334F5597DA526E /* Roboto-Thin.ttf */ = {isa = PBXFileReference; explicitFileType = undefined; fileEncoding = 9; includeInIndex = 0; lastKnownFileType = unknown; name = "Roboto-Thin.ttf"; path = "../src/assets/fonts/Roboto-Thin.ttf"; sourceTree = "<group>"; };
		DCE9169187824E8E8591A2B9 /* Roboto-MediumItalic.ttf */ = {isa = PBXFileReference; explicitFileType = undefined; fileEncoding = 9; includeInIndex = 0; lastKnownFileType = unknown; name = "Roboto-MediumItalic.ttf"; path = "../src/assets/fonts/Roboto-MediumItalic.ttf"; sourceTree = "<group>"; };
		E31F726DF2854439AAA31B66 /* Roboto-BoldItalic.ttf */ = {isa = PBXFileReference; explicitFileType = undefined; fileEncoding = 9; includeInIndex = 0; lastKnownFileType = unknown; name = "Roboto-BoldItalic.ttf"; path = "../src/assets/fonts/Roboto-BoldItalic.ttf"; sourceTree = "<group>"; };
		E6C39D9281C845C1B426F87E /* Roboto-Bold.ttf */ = {isa = PBXFileReference; explicitFileType = undefined; fileEncoding = 9; includeInIndex = 0; lastKnownFileType = unknown; name = "Roboto-Bold.ttf"; path = "../src/assets/fonts/Roboto-Bold.ttf"; sourceTree = "<group>"; };
		EA0E913BBF12487286C9F799 /* Poppins-Italic.ttf */ = {isa = PBXFileReference; explicitFileType = undefined; fileEncoding = 9; includeInIndex = 0; lastKnownFileType = unknown; name = "Poppins-Italic.ttf"; path = "../src/assets/fonts/Poppins-Italic.ttf"; sourceTree = "<group>"; };
		EA54D826CFBE49CEAF86AFF4 /* Inter-Medium.ttf */ = {isa = PBXFileReference; explicitFileType = undefined; fileEncoding = 9; includeInIndex = 0; lastKnownFileType = unknown; name = "Inter-Medium.ttf"; path = "../src/assets/fonts/Inter-Medium.ttf"; sourceTree = "<group>"; };
		ED297162215061F000B7C4FE /* JavaScriptCore.framework */ = {isa = PBXFileReference; lastKnownFileType = wrapper.framework; name = JavaScriptCore.framework; path = System/Library/Frameworks/JavaScriptCore.framework; sourceTree = SDKROOT; };
		F59710024CCB4A229EF0CAE7 /* Poppins-Black.ttf */ = {isa = PBXFileReference; explicitFileType = undefined; fileEncoding = 9; includeInIndex = 0; lastKnownFileType = unknown; name = "Poppins-Black.ttf"; path = "../src/assets/fonts/Poppins-Black.ttf"; sourceTree = "<group>"; };
		FB33EDF3A4B94032AA3DAAED /* Poppins-Bold.ttf */ = {isa = PBXFileReference; explicitFileType = undefined; fileEncoding = 9; includeInIndex = 0; lastKnownFileType = unknown; name = "Poppins-Bold.ttf"; path = "../src/assets/fonts/Poppins-Bold.ttf"; sourceTree = "<group>"; };
		FE4D01035E354B7F91B620EE /* Inter-SemiBold.ttf */ = {isa = PBXFileReference; explicitFileType = undefined; fileEncoding = 9; includeInIndex = 0; lastKnownFileType = unknown; name = "Inter-SemiBold.ttf"; path = "../src/assets/fonts/Inter-SemiBold.ttf"; sourceTree = "<group>"; };
/* End PBXFileReference section */

/* Begin PBXFrameworksBuildPhase section */
		00E356EB1AD99517003FC87E /* Frameworks */ = {
			isa = PBXFrameworksBuildPhase;
			buildActionMask = 2147483647;
			files = (
				7699B88040F8A987B510C191 /* libPods-Genesis-GenesisTests.a in Frameworks */,
			);
			runOnlyForDeploymentPostprocessing = 0;
		};
		13B07F8C1A680F5B00A75B9A /* Frameworks */ = {
			isa = PBXFrameworksBuildPhase;
			buildActionMask = 2147483647;
			files = (
				0C80B921A6F3F58F76C31292 /* libPods-Genesis.a in Frameworks */,
			);
			runOnlyForDeploymentPostprocessing = 0;
		};
/* End PBXFrameworksBuildPhase section */

/* Begin PBXGroup section */
		00E356EF1AD99517003FC87E /* GenesisTests */ = {
			isa = PBXGroup;
			children = (
				00E356F21AD99517003FC87E /* GenesisTests.m */,
				00E356F01AD99517003FC87E /* Supporting Files */,
			);
			path = GenesisTests;
			sourceTree = "<group>";
		};
		00E356F01AD99517003FC87E /* Supporting Files */ = {
			isa = PBXGroup;
			children = (
				00E356F11AD99517003FC87E /* Info.plist */,
			);
			name = "Supporting Files";
			sourceTree = "<group>";
		};
		13B07FAE1A68108700A75B9A /* Genesis */ = {
			isa = PBXGroup;
			children = (
				D63BB4E92AFF87D80071E922 /* Fonts */,
				13B07FAF1A68108700A75B9A /* AppDelegate.h */,
				13B07FB01A68108700A75B9A /* AppDelegate.mm */,
				13B07FB51A68108700A75B9A /* Images.xcassets */,
				13B07FB61A68108700A75B9A /* Info.plist */,
				81AB9BB72411601600AC10FF /* LaunchScreen.storyboard */,
				13B07FB71A68108700A75B9A /* main.m */,
			);
			name = Genesis;
			sourceTree = "<group>";
		};
		2D16E6871FA4F8E400B85C8A /* Frameworks */ = {
			isa = PBXGroup;
			children = (
				ED297162215061F000B7C4FE /* JavaScriptCore.framework */,
				5DCACB8F33CDC322A6C60F78 /* libPods-Genesis.a */,
				19F6CBCC0A4E27FBF8BF4A61 /* libPods-Genesis-GenesisTests.a */,
			);
			name = Frameworks;
			sourceTree = "<group>";
		};
		6AFA00245A06461EBA66269F /* Resources */ = {
			isa = PBXGroup;
			children = (
				2AD06368A322401E95E8518F /* Inter-Black.ttf */,
				CAF93755B4AF4324A07AC1F2 /* Inter-Bold.ttf */,
				3CEEC89E3C344912BB6A125E /* Inter-ExtraBold.ttf */,
				7C3867E676E5439C970A7192 /* Inter-ExtraLight.ttf */,
				486E50F7C9524DB6B3271EC2 /* Inter-Light.ttf */,
				EA54D826CFBE49CEAF86AFF4 /* Inter-Medium.ttf */,
				82E51D6B1A3E4C6CA6337FCF /* Inter-Regular.ttf */,
				FE4D01035E354B7F91B620EE /* Inter-SemiBold.ttf */,
				6CF67853651C483298DA289A /* Inter-Thin.ttf */,
				F59710024CCB4A229EF0CAE7 /* Poppins-Black.ttf */,
				3D2B9D92A2BE47CA810C340D /* Poppins-BlackItalic.ttf */,
				FB33EDF3A4B94032AA3DAAED /* Poppins-Bold.ttf */,
				6AB36C16A0694B3B90633EDC /* Poppins-BoldItalic.ttf */,
				C9BD154001BA44D3B3967325 /* Poppins-ExtraBold.ttf */,
				34BCA481FF6940BF9A65C956 /* Poppins-ExtraBoldItalic.ttf */,
				3B766D481ED741FD9E987A2F /* Poppins-ExtraLight.ttf */,
				C1779F40926849DC8882857D /* Poppins-ExtraLightItalic.ttf */,
				EA0E913BBF12487286C9F799 /* Poppins-Italic.ttf */,
				A6F8D34A44C54FC7A62BB985 /* Poppins-Light.ttf */,
				8BBF4AB01D4D4B3DA889D012 /* Poppins-LightItalic.ttf */,
				92B40BD0E3184D538E4FCF43 /* Poppins-Medium.ttf */,
				506900D8353E4B4CBC72F20F /* Poppins-MediumItalic.ttf */,
				39098878095743F887D2DDAF /* Poppins-Regular.ttf */,
				5EFA710A8B764D2B9375C31E /* Poppins-SemiBold.ttf */,
				C276B7F60DA1463B9F63ED0B /* Poppins-SemiBoldItalic.ttf */,
				86CBCE1FC55B4B9286FDC6E8 /* Poppins-Thin.ttf */,
				1BEB9E702A124BEA95DB46C8 /* Poppins-ThinItalic.ttf */,
				45E6ABA1021D4B6BA9F757DA /* Roboto-Black.ttf */,
				D84BCE8C1C4A470799854D20 /* Roboto-BlackItalic.ttf */,
				E6C39D9281C845C1B426F87E /* Roboto-Bold.ttf */,
				E31F726DF2854439AAA31B66 /* Roboto-BoldItalic.ttf */,
				28EB6FC9B8C94788B937F5DD /* Roboto-Italic.ttf */,
				3DB2AE5D110349AC9B570786 /* Roboto-Light.ttf */,
				520F0ABABF324C64941E5D3C /* Roboto-LightItalic.ttf */,
				D233A1768DB740F6A3ECCDDA /* Roboto-Medium.ttf */,
				DCE9169187824E8E8591A2B9 /* Roboto-MediumItalic.ttf */,
				43EE0A62670D421FA5A6220A /* Roboto-Regular.ttf */,
				DA966201ED334F5597DA526E /* Roboto-Thin.ttf */,
				156719B5C0EE4825A90C0AAC /* Roboto-ThinItalic.ttf */,
			);
			name = Resources;
			sourceTree = "<group>";
		};
		832341AE1AAA6A7D00B99B32 /* Libraries */ = {
			isa = PBXGroup;
			children = (
			);
			name = Libraries;
			sourceTree = "<group>";
		};
		83CBB9F61A601CBA00E9B192 = {
			isa = PBXGroup;
			children = (
				13B07FAE1A68108700A75B9A /* Genesis */,
				832341AE1AAA6A7D00B99B32 /* Libraries */,
				00E356EF1AD99517003FC87E /* GenesisTests */,
				83CBBA001A601CBA00E9B192 /* Products */,
				2D16E6871FA4F8E400B85C8A /* Frameworks */,
				BBD78D7AC51CEA395F1C20DB /* Pods */,
				6AFA00245A06461EBA66269F /* Resources */,
			);
			indentWidth = 2;
			sourceTree = "<group>";
			tabWidth = 2;
			usesTabs = 0;
		};
		83CBBA001A601CBA00E9B192 /* Products */ = {
			isa = PBXGroup;
			children = (
				13B07F961A680F5B00A75B9A /* Genesis.app */,
				00E356EE1AD99517003FC87E /* GenesisTests.xctest */,
			);
			name = Products;
			sourceTree = "<group>";
		};
		BBD78D7AC51CEA395F1C20DB /* Pods */ = {
			isa = PBXGroup;
			children = (
				3B4392A12AC88292D35C810B /* Pods-Genesis.debug.xcconfig */,
				5709B34CF0A7D63546082F79 /* Pods-Genesis.release.xcconfig */,
				5B7EB9410499542E8C5724F5 /* Pods-Genesis-GenesisTests.debug.xcconfig */,
				89C6BE57DB24E9ADA2F236DE /* Pods-Genesis-GenesisTests.release.xcconfig */,
			);
			path = Pods;
			sourceTree = "<group>";
		};
		D63BB4E92AFF87D80071E922 /* Fonts */ = {
			isa = PBXGroup;
			children = (
				D63BB4EA2AFF87D80071E922 /* Fontisto.ttf */,
				D63BB4EB2AFF87D80071E922 /* Octicons.ttf */,
				D63BB4EC2AFF87D80071E922 /* Feather.ttf */,
				D63BB4ED2AFF87D80071E922 /* FontAwesome6_Regular.ttf */,
				D63BB4EE2AFF87D90071E922 /* Entypo.ttf */,
				D63BB4EF2AFF87D90071E922 /* FontAwesome5_Brands.ttf */,
				D63BB4F02AFF87D90071E922 /* MaterialCommunityIcons.ttf */,
				D63BB4F12AFF87D90071E922 /* AntDesign.ttf */,
				D63BB4F22AFF87D90071E922 /* Foundation.ttf */,
				D63BB4F32AFF87D90071E922 /* Ionicons.ttf */,
				D63BB4F42AFF87D90071E922 /* FontAwesome5_Solid.ttf */,
				D63BB4F52AFF87D90071E922 /* FontAwesome5_Regular.ttf */,
				D63BB4F62AFF87D90071E922 /* FontAwesome.ttf */,
				D63BB4F72AFF87D90071E922 /* Zocial.ttf */,
				D63BB4F82AFF87D90071E922 /* EvilIcons.ttf */,
				D63BB4F92AFF87D90071E922 /* FontAwesome6_Solid.ttf */,
				D63BB4FA2AFF87D90071E922 /* SimpleLineIcons.ttf */,
				D63BB4FB2AFF87D90071E922 /* FontAwesome6_Brands.ttf */,
				D63BB4FC2AFF87D90071E922 /* MaterialIcons.ttf */,
			);
			name = Fonts;
			path = "../node_modules/react-native-vector-icons/Fonts";
			sourceTree = "<group>";
		};
/* End PBXGroup section */

/* Begin PBXNativeTarget section */
		00E356ED1AD99517003FC87E /* GenesisTests */ = {
			isa = PBXNativeTarget;
			buildConfigurationList = 00E357021AD99517003FC87E /* Build configuration list for PBXNativeTarget "GenesisTests" */;
			buildPhases = (
				A55EABD7B0C7F3A422A6CC61 /* [CP] Check Pods Manifest.lock */,
				00E356EA1AD99517003FC87E /* Sources */,
				00E356EB1AD99517003FC87E /* Frameworks */,
				00E356EC1AD99517003FC87E /* Resources */,
				C59DA0FBD6956966B86A3779 /* [CP] Embed Pods Frameworks */,
				F6A41C54EA430FDDC6A6ED99 /* [CP] Copy Pods Resources */,
			);
			buildRules = (
			);
			dependencies = (
				00E356F51AD99517003FC87E /* PBXTargetDependency */,
			);
			name = GenesisTests;
			productName = GenesisTests;
			productReference = 00E356EE1AD99517003FC87E /* GenesisTests.xctest */;
			productType = "com.apple.product-type.bundle.unit-test";
		};
		13B07F861A680F5B00A75B9A /* Genesis */ = {
			isa = PBXNativeTarget;
			buildConfigurationList = 13B07F931A680F5B00A75B9A /* Build configuration list for PBXNativeTarget "Genesis" */;
			buildPhases = (
				C38B50BA6285516D6DCD4F65 /* [CP] Check Pods Manifest.lock */,
				FD10A7F022414F080027D42C /* Start Packager */,
				13B07F871A680F5B00A75B9A /* Sources */,
				13B07F8C1A680F5B00A75B9A /* Frameworks */,
				13B07F8E1A680F5B00A75B9A /* Resources */,
				00DD1BFF1BD5951E006B06BC /* Bundle React Native code and images */,
				00EEFC60759A1932668264C0 /* [CP] Embed Pods Frameworks */,
				E235C05ADACE081382539298 /* [CP] Copy Pods Resources */,
			);
			buildRules = (
			);
			dependencies = (
			);
			name = Genesis;
			productName = Genesis;
			productReference = 13B07F961A680F5B00A75B9A /* Genesis.app */;
			productType = "com.apple.product-type.application";
		};
/* End PBXNativeTarget section */

/* Begin PBXProject section */
		83CBB9F71A601CBA00E9B192 /* Project object */ = {
			isa = PBXProject;
			attributes = {
				LastUpgradeCheck = 1210;
				TargetAttributes = {
					00E356ED1AD99517003FC87E = {
						CreatedOnToolsVersion = 6.2;
						TestTargetID = 13B07F861A680F5B00A75B9A;
					};
					13B07F861A680F5B00A75B9A = {
						LastSwiftMigration = 1120;
					};
				};
			};
			buildConfigurationList = 83CBB9FA1A601CBA00E9B192 /* Build configuration list for PBXProject "Genesis" */;
			compatibilityVersion = "Xcode 12.0";
			developmentRegion = en;
			hasScannedForEncodings = 0;
			knownRegions = (
				en,
				Base,
			);
			mainGroup = 83CBB9F61A601CBA00E9B192;
			productRefGroup = 83CBBA001A601CBA00E9B192 /* Products */;
			projectDirPath = "";
			projectRoot = "";
			targets = (
				13B07F861A680F5B00A75B9A /* Genesis */,
				00E356ED1AD99517003FC87E /* GenesisTests */,
			);
		};
/* End PBXProject section */

/* Begin PBXResourcesBuildPhase section */
		00E356EC1AD99517003FC87E /* Resources */ = {
			isa = PBXResourcesBuildPhase;
			buildActionMask = 2147483647;
			files = (
			);
			runOnlyForDeploymentPostprocessing = 0;
		};
		13B07F8E1A680F5B00A75B9A /* Resources */ = {
			isa = PBXResourcesBuildPhase;
			buildActionMask = 2147483647;
			files = (
				81AB9BB82411601600AC10FF /* LaunchScreen.storyboard in Resources */,
				D63BB5052AFF87D90071E922 /* Foundation.ttf in Resources */,
				13B07FBF1A68108700A75B9A /* Images.xcassets in Resources */,
				2549ECD239024C9B95CE3095 /* Inter-Black.ttf in Resources */,
				027ADA9D2FEA45919A287F01 /* Inter-Bold.ttf in Resources */,
				3AB8C9BE52854A649A980856 /* Inter-ExtraBold.ttf in Resources */,
				D59C5973B38D4FB9B46F9148 /* Inter-ExtraLight.ttf in Resources */,
				D63BB5082AFF87D90071E922 /* FontAwesome5_Regular.ttf in Resources */,
				D63BB4FD2AFF87D90071E922 /* Fontisto.ttf in Resources */,
				D290D07F16E24E4890F1B7C9 /* Inter-Light.ttf in Resources */,
				10D5E62AADD14C0D8E54BB98 /* Inter-Medium.ttf in Resources */,
				D63BB4FE2AFF87D90071E922 /* Octicons.ttf in Resources */,
				853EB36215DB431B914C939E /* Inter-Regular.ttf in Resources */,
				A6D3D71EC798483783FB778B /* Inter-SemiBold.ttf in Resources */,
				8ACEA28C993544C39D36A7AD /* Inter-Thin.ttf in Resources */,
				FCEACE6767C04BA38979C2F0 /* Poppins-Black.ttf in Resources */,
				1A207D326454458187EE2650 /* Poppins-BlackItalic.ttf in Resources */,
				D63BB50A2AFF87D90071E922 /* Zocial.ttf in Resources */,
				E12B978DE850421A94174998 /* Poppins-Bold.ttf in Resources */,
				694CC01FBB7E4B68889E3269 /* Poppins-BoldItalic.ttf in Resources */,
				1443B2737132462483D3EFC9 /* Poppins-ExtraBold.ttf in Resources */,
				D24DE8B4ABD2455F8917A16C /* Poppins-ExtraBoldItalic.ttf in Resources */,
				EF226C59CDDD42B9A4E81F6C /* Poppins-ExtraLight.ttf in Resources */,
				CFC6679AC465495B8C33639C /* Poppins-ExtraLightItalic.ttf in Resources */,
				D63BB5092AFF87D90071E922 /* FontAwesome.ttf in Resources */,
				FC3A0234593648418C0B9712 /* Poppins-Italic.ttf in Resources */,
				D63BB5032AFF87D90071E922 /* MaterialCommunityIcons.ttf in Resources */,
				5B3FF2B6FA5341C89AD5FCEA /* Poppins-Light.ttf in Resources */,
				A047B425FF4D471FAB270AB3 /* Poppins-LightItalic.ttf in Resources */,
				0682E56FCE69479CA1BE589B /* Poppins-Medium.ttf in Resources */,
				C87F414797834B6B8577E6DA /* Poppins-MediumItalic.ttf in Resources */,
				D63BB50C2AFF87D90071E922 /* FontAwesome6_Solid.ttf in Resources */,
				D63BB50F2AFF87D90071E922 /* MaterialIcons.ttf in Resources */,
				90318982326140118F9CF2C8 /* Poppins-Regular.ttf in Resources */,
				D63BB5072AFF87D90071E922 /* FontAwesome5_Solid.ttf in Resources */,
				6BED0AB9910E411B85271350 /* Poppins-SemiBold.ttf in Resources */,
				1A2AA0E420F04F5C9F59AB72 /* Poppins-SemiBoldItalic.ttf in Resources */,
				D63BB5022AFF87D90071E922 /* FontAwesome5_Brands.ttf in Resources */,
				56A478AA34024C42B4E4C8D4 /* Poppins-Thin.ttf in Resources */,
				58B985CBAD724F25B6CFC5EF /* Poppins-ThinItalic.ttf in Resources */,
				D2350EDEA5CC4317A5FE1D9E /* Roboto-Black.ttf in Resources */,
				9721368DC76F4B1E81D8C060 /* Roboto-BlackItalic.ttf in Resources */,
				C6BF3F71FB6249C1AC980E61 /* Roboto-Bold.ttf in Resources */,
				D63BB4FF2AFF87D90071E922 /* Feather.ttf in Resources */,
				D63BB5062AFF87D90071E922 /* Ionicons.ttf in Resources */,
				D63BB5042AFF87D90071E922 /* AntDesign.ttf in Resources */,
				E5E06B9B4EB6471296E14792 /* Roboto-BoldItalic.ttf in Resources */,
				D63BB50B2AFF87D90071E922 /* EvilIcons.ttf in Resources */,
				D63BB50E2AFF87D90071E922 /* FontAwesome6_Brands.ttf in Resources */,
				3B80B45FCA1D4C01B834F1C2 /* Roboto-Italic.ttf in Resources */,
				D63BB5012AFF87D90071E922 /* Entypo.ttf in Resources */,
				F5A990DA9E844137B25273CE /* Roboto-Light.ttf in Resources */,
				1390BCF08B9148FFA50D3C18 /* Roboto-LightItalic.ttf in Resources */,
				D1771AF1726A4ED79F02561C /* Roboto-Medium.ttf in Resources */,
				B40865C860C6453A95CC5FAC /* Roboto-MediumItalic.ttf in Resources */,
				D63BB5002AFF87D90071E922 /* FontAwesome6_Regular.ttf in Resources */,
				871EF140321844A4B19E1B1C /* Roboto-Regular.ttf in Resources */,
				D63BB50D2AFF87D90071E922 /* SimpleLineIcons.ttf in Resources */,
				EDECECE5DD0F415CAE4B58B6 /* Roboto-Thin.ttf in Resources */,
				1D36A5DF624744488DDECDA9 /* Roboto-ThinItalic.ttf in Resources */,
			);
			runOnlyForDeploymentPostprocessing = 0;
		};
/* End PBXResourcesBuildPhase section */

/* Begin PBXShellScriptBuildPhase section */
		00DD1BFF1BD5951E006B06BC /* Bundle React Native code and images */ = {
			isa = PBXShellScriptBuildPhase;
			buildActionMask = 2147483647;
			files = (
			);
			inputPaths = (
				"$(SRCROOT)/.xcode.env.local",
				"$(SRCROOT)/.xcode.env",
			);
			name = "Bundle React Native code and images";
			outputPaths = (
			);
			runOnlyForDeploymentPostprocessing = 0;
			shellPath = /bin/sh;
			shellScript = "set -e\n\nWITH_ENVIRONMENT=\"../node_modules/react-native/scripts/xcode/with-environment.sh\"\nREACT_NATIVE_XCODE=\"../node_modules/react-native/scripts/react-native-xcode.sh\"\n\n/bin/sh -c \"$WITH_ENVIRONMENT $REACT_NATIVE_XCODE\"\n";
		};
		00EEFC60759A1932668264C0 /* [CP] Embed Pods Frameworks */ = {
			isa = PBXShellScriptBuildPhase;
			buildActionMask = 2147483647;
			files = (
			);
			inputFileListPaths = (
				"${PODS_ROOT}/Target Support Files/Pods-Genesis/Pods-Genesis-frameworks-${CONFIGURATION}-input-files.xcfilelist",
			);
			name = "[CP] Embed Pods Frameworks";
			outputFileListPaths = (
				"${PODS_ROOT}/Target Support Files/Pods-Genesis/Pods-Genesis-frameworks-${CONFIGURATION}-output-files.xcfilelist",
			);
			runOnlyForDeploymentPostprocessing = 0;
			shellPath = /bin/sh;
			shellScript = "\"${PODS_ROOT}/Target Support Files/Pods-Genesis/Pods-Genesis-frameworks.sh\"\n";
			showEnvVarsInLog = 0;
		};
		A55EABD7B0C7F3A422A6CC61 /* [CP] Check Pods Manifest.lock */ = {
			isa = PBXShellScriptBuildPhase;
			buildActionMask = 2147483647;
			files = (
			);
			inputFileListPaths = (
			);
			inputPaths = (
				"${PODS_PODFILE_DIR_PATH}/Podfile.lock",
				"${PODS_ROOT}/Manifest.lock",
			);
			name = "[CP] Check Pods Manifest.lock";
			outputFileListPaths = (
			);
			outputPaths = (
				"$(DERIVED_FILE_DIR)/Pods-Genesis-GenesisTests-checkManifestLockResult.txt",
			);
			runOnlyForDeploymentPostprocessing = 0;
			shellPath = /bin/sh;
			shellScript = "diff \"${PODS_PODFILE_DIR_PATH}/Podfile.lock\" \"${PODS_ROOT}/Manifest.lock\" > /dev/null\nif [ $? != 0 ] ; then\n    # print error to STDERR\n    echo \"error: The sandbox is not in sync with the Podfile.lock. Run 'pod install' or update your CocoaPods installation.\" >&2\n    exit 1\nfi\n# This output is used by Xcode 'outputs' to avoid re-running this script phase.\necho \"SUCCESS\" > \"${SCRIPT_OUTPUT_FILE_0}\"\n";
			showEnvVarsInLog = 0;
		};
		C38B50BA6285516D6DCD4F65 /* [CP] Check Pods Manifest.lock */ = {
			isa = PBXShellScriptBuildPhase;
			buildActionMask = 2147483647;
			files = (
			);
			inputFileListPaths = (
			);
			inputPaths = (
				"${PODS_PODFILE_DIR_PATH}/Podfile.lock",
				"${PODS_ROOT}/Manifest.lock",
			);
			name = "[CP] Check Pods Manifest.lock";
			outputFileListPaths = (
			);
			outputPaths = (
				"$(DERIVED_FILE_DIR)/Pods-Genesis-checkManifestLockResult.txt",
			);
			runOnlyForDeploymentPostprocessing = 0;
			shellPath = /bin/sh;
			shellScript = "diff \"${PODS_PODFILE_DIR_PATH}/Podfile.lock\" \"${PODS_ROOT}/Manifest.lock\" > /dev/null\nif [ $? != 0 ] ; then\n    # print error to STDERR\n    echo \"error: The sandbox is not in sync with the Podfile.lock. Run 'pod install' or update your CocoaPods installation.\" >&2\n    exit 1\nfi\n# This output is used by Xcode 'outputs' to avoid re-running this script phase.\necho \"SUCCESS\" > \"${SCRIPT_OUTPUT_FILE_0}\"\n";
			showEnvVarsInLog = 0;
		};
		C59DA0FBD6956966B86A3779 /* [CP] Embed Pods Frameworks */ = {
			isa = PBXShellScriptBuildPhase;
			buildActionMask = 2147483647;
			files = (
			);
			inputFileListPaths = (
				"${PODS_ROOT}/Target Support Files/Pods-Genesis-GenesisTests/Pods-Genesis-GenesisTests-frameworks-${CONFIGURATION}-input-files.xcfilelist",
			);
			name = "[CP] Embed Pods Frameworks";
			outputFileListPaths = (
				"${PODS_ROOT}/Target Support Files/Pods-Genesis-GenesisTests/Pods-Genesis-GenesisTests-frameworks-${CONFIGURATION}-output-files.xcfilelist",
			);
			runOnlyForDeploymentPostprocessing = 0;
			shellPath = /bin/sh;
			shellScript = "\"${PODS_ROOT}/Target Support Files/Pods-Genesis-GenesisTests/Pods-Genesis-GenesisTests-frameworks.sh\"\n";
			showEnvVarsInLog = 0;
		};
		E235C05ADACE081382539298 /* [CP] Copy Pods Resources */ = {
			isa = PBXShellScriptBuildPhase;
			buildActionMask = 2147483647;
			files = (
			);
			inputFileListPaths = (
				"${PODS_ROOT}/Target Support Files/Pods-Genesis/Pods-Genesis-resources-${CONFIGURATION}-input-files.xcfilelist",
			);
			name = "[CP] Copy Pods Resources";
			outputFileListPaths = (
				"${PODS_ROOT}/Target Support Files/Pods-Genesis/Pods-Genesis-resources-${CONFIGURATION}-output-files.xcfilelist",
			);
			runOnlyForDeploymentPostprocessing = 0;
			shellPath = /bin/sh;
			shellScript = "\"${PODS_ROOT}/Target Support Files/Pods-Genesis/Pods-Genesis-resources.sh\"\n";
			showEnvVarsInLog = 0;
		};
		F6A41C54EA430FDDC6A6ED99 /* [CP] Copy Pods Resources */ = {
			isa = PBXShellScriptBuildPhase;
			buildActionMask = 2147483647;
			files = (
			);
			inputFileListPaths = (
				"${PODS_ROOT}/Target Support Files/Pods-Genesis-GenesisTests/Pods-Genesis-GenesisTests-resources-${CONFIGURATION}-input-files.xcfilelist",
			);
			name = "[CP] Copy Pods Resources";
			outputFileListPaths = (
				"${PODS_ROOT}/Target Support Files/Pods-Genesis-GenesisTests/Pods-Genesis-GenesisTests-resources-${CONFIGURATION}-output-files.xcfilelist",
			);
			runOnlyForDeploymentPostprocessing = 0;
			shellPath = /bin/sh;
			shellScript = "\"${PODS_ROOT}/Target Support Files/Pods-Genesis-GenesisTests/Pods-Genesis-GenesisTests-resources.sh\"\n";
			showEnvVarsInLog = 0;
		};
		FD10A7F022414F080027D42C /* Start Packager */ = {
			isa = PBXShellScriptBuildPhase;
			buildActionMask = 2147483647;
			files = (
			);
			inputFileListPaths = (
			);
			inputPaths = (
			);
			name = "Start Packager";
			outputFileListPaths = (
			);
			outputPaths = (
			);
			runOnlyForDeploymentPostprocessing = 0;
			shellPath = /bin/sh;
			shellScript = "export RCT_METRO_PORT=\"${RCT_METRO_PORT:=8081}\"\necho \"export RCT_METRO_PORT=${RCT_METRO_PORT}\" > \"${SRCROOT}/../node_modules/react-native/scripts/.packager.env\"\nif [ -z \"${RCT_NO_LAUNCH_PACKAGER+xxx}\" ] ; then\n  if nc -w 5 -z localhost ${RCT_METRO_PORT} ; then\n    if ! curl -s \"http://localhost:${RCT_METRO_PORT}/status\" | grep -q \"packager-status:running\" ; then\n      echo \"Port ${RCT_METRO_PORT} already in use, packager is either not running or not running correctly\"\n      exit 2\n    fi\n  else\n    open \"$SRCROOT/../node_modules/react-native/scripts/launchPackager.command\" || echo \"Can't start packager automatically\"\n  fi\nfi\n";
			showEnvVarsInLog = 0;
		};
/* End PBXShellScriptBuildPhase section */

/* Begin PBXSourcesBuildPhase section */
		00E356EA1AD99517003FC87E /* Sources */ = {
			isa = PBXSourcesBuildPhase;
			buildActionMask = 2147483647;
			files = (
				00E356F31AD99517003FC87E /* GenesisTests.m in Sources */,
			);
			runOnlyForDeploymentPostprocessing = 0;
		};
		13B07F871A680F5B00A75B9A /* Sources */ = {
			isa = PBXSourcesBuildPhase;
			buildActionMask = 2147483647;
			files = (
				13B07FBC1A68108700A75B9A /* AppDelegate.mm in Sources */,
				13B07FC11A68108700A75B9A /* main.m in Sources */,
			);
			runOnlyForDeploymentPostprocessing = 0;
		};
/* End PBXSourcesBuildPhase section */

/* Begin PBXTargetDependency section */
		00E356F51AD99517003FC87E /* PBXTargetDependency */ = {
			isa = PBXTargetDependency;
			target = 13B07F861A680F5B00A75B9A /* Genesis */;
			targetProxy = 00E356F41AD99517003FC87E /* PBXContainerItemProxy */;
		};
/* End PBXTargetDependency section */

/* Begin XCBuildConfiguration section */
		00E356F61AD99517003FC87E /* Debug */ = {
			isa = XCBuildConfiguration;
			baseConfigurationReference = 5B7EB9410499542E8C5724F5 /* Pods-Genesis-GenesisTests.debug.xcconfig */;
			buildSettings = {
				BUNDLE_LOADER = "$(TEST_HOST)";
				GCC_PREPROCESSOR_DEFINITIONS = (
					"DEBUG=1",
					"$(inherited)",
				);
				INFOPLIST_FILE = GenesisTests/Info.plist;
				IPHONEOS_DEPLOYMENT_TARGET = 12.4;
				LD_RUNPATH_SEARCH_PATHS = (
					"$(inherited)",
					"@executable_path/Frameworks",
					"@loader_path/Frameworks",
				);
				OTHER_LDFLAGS = (
					"-ObjC",
					"-lc++",
					"$(inherited)",
				);
				PRODUCT_BUNDLE_IDENTIFIER = "org.reactjs.native.example.$(PRODUCT_NAME:rfc1034identifier)";
				PRODUCT_NAME = "$(TARGET_NAME)";
				TEST_HOST = "$(BUILT_PRODUCTS_DIR)/Genesis.app/Genesis";
			};
			name = Debug;
		};
		00E356F71AD99517003FC87E /* Release */ = {
			isa = XCBuildConfiguration;
			baseConfigurationReference = 89C6BE57DB24E9ADA2F236DE /* Pods-Genesis-GenesisTests.release.xcconfig */;
			buildSettings = {
				BUNDLE_LOADER = "$(TEST_HOST)";
				COPY_PHASE_STRIP = NO;
				INFOPLIST_FILE = GenesisTests/Info.plist;
				IPHONEOS_DEPLOYMENT_TARGET = 12.4;
				LD_RUNPATH_SEARCH_PATHS = (
					"$(inherited)",
					"@executable_path/Frameworks",
					"@loader_path/Frameworks",
				);
				OTHER_LDFLAGS = (
					"-ObjC",
					"-lc++",
					"$(inherited)",
				);
				PRODUCT_BUNDLE_IDENTIFIER = "org.reactjs.native.example.$(PRODUCT_NAME:rfc1034identifier)";
				PRODUCT_NAME = "$(TARGET_NAME)";
				TEST_HOST = "$(BUILT_PRODUCTS_DIR)/Genesis.app/Genesis";
			};
			name = Release;
		};
		13B07F941A680F5B00A75B9A /* Debug */ = {
			isa = XCBuildConfiguration;
			baseConfigurationReference = 3B4392A12AC88292D35C810B /* Pods-Genesis.debug.xcconfig */;
			buildSettings = {
				ASSETCATALOG_COMPILER_APPICON_NAME = AppIcon;
				CLANG_ENABLE_MODULES = YES;
				CURRENT_PROJECT_VERSION = 1;
				ENABLE_BITCODE = NO;
				INFOPLIST_FILE = Genesis/Info.plist;
				LD_RUNPATH_SEARCH_PATHS = (
					"$(inherited)",
					"@executable_path/Frameworks",
				);
				MARKETING_VERSION = 1.0;
				OTHER_LDFLAGS = (
					"$(inherited)",
					"-ObjC",
					"-lc++",
				);
				PRODUCT_BUNDLE_IDENTIFIER = "org.reactjs.native.example.$(PRODUCT_NAME:rfc1034identifier)";
				PRODUCT_NAME = Genesis;
				SWIFT_OPTIMIZATION_LEVEL = "-Onone";
				SWIFT_VERSION = 5.0;
				VERSIONING_SYSTEM = "apple-generic";
			};
			name = Debug;
		};
		13B07F951A680F5B00A75B9A /* Release */ = {
			isa = XCBuildConfiguration;
			baseConfigurationReference = 5709B34CF0A7D63546082F79 /* Pods-Genesis.release.xcconfig */;
			buildSettings = {
				ASSETCATALOG_COMPILER_APPICON_NAME = AppIcon;
				CLANG_ENABLE_MODULES = YES;
				CURRENT_PROJECT_VERSION = 1;
				INFOPLIST_FILE = Genesis/Info.plist;
				LD_RUNPATH_SEARCH_PATHS = (
					"$(inherited)",
					"@executable_path/Frameworks",
				);
				MARKETING_VERSION = 1.0;
				OTHER_LDFLAGS = (
					"$(inherited)",
					"-ObjC",
					"-lc++",
				);
				PRODUCT_BUNDLE_IDENTIFIER = "org.reactjs.native.example.$(PRODUCT_NAME:rfc1034identifier)";
				PRODUCT_NAME = Genesis;
				SWIFT_VERSION = 5.0;
				VERSIONING_SYSTEM = "apple-generic";
			};
			name = Release;
		};
		83CBBA201A601CBA00E9B192 /* Debug */ = {
			isa = XCBuildConfiguration;
			buildSettings = {
				ALWAYS_SEARCH_USER_PATHS = NO;
				CLANG_ANALYZER_LOCALIZABILITY_NONLOCALIZED = YES;
				CLANG_CXX_LANGUAGE_STANDARD = "c++17";
				CLANG_CXX_LIBRARY = "libc++";
				CLANG_ENABLE_MODULES = YES;
				CLANG_ENABLE_OBJC_ARC = YES;
				CLANG_WARN_BLOCK_CAPTURE_AUTORELEASING = YES;
				CLANG_WARN_BOOL_CONVERSION = YES;
				CLANG_WARN_COMMA = YES;
				CLANG_WARN_CONSTANT_CONVERSION = YES;
				CLANG_WARN_DEPRECATED_OBJC_IMPLEMENTATIONS = YES;
				CLANG_WARN_DIRECT_OBJC_ISA_USAGE = YES_ERROR;
				CLANG_WARN_EMPTY_BODY = YES;
				CLANG_WARN_ENUM_CONVERSION = YES;
				CLANG_WARN_INFINITE_RECURSION = YES;
				CLANG_WARN_INT_CONVERSION = YES;
				CLANG_WARN_NON_LITERAL_NULL_CONVERSION = YES;
				CLANG_WARN_OBJC_IMPLICIT_RETAIN_SELF = YES;
				CLANG_WARN_OBJC_LITERAL_CONVERSION = YES;
				CLANG_WARN_OBJC_ROOT_CLASS = YES_ERROR;
				CLANG_WARN_QUOTED_INCLUDE_IN_FRAMEWORK_HEADER = YES;
				CLANG_WARN_RANGE_LOOP_ANALYSIS = YES;
				CLANG_WARN_STRICT_PROTOTYPES = YES;
				CLANG_WARN_SUSPICIOUS_MOVE = YES;
				CLANG_WARN_UNREACHABLE_CODE = YES;
				CLANG_WARN__DUPLICATE_METHOD_MATCH = YES;
				"CODE_SIGN_IDENTITY[sdk=iphoneos*]" = "iPhone Developer";
				COPY_PHASE_STRIP = NO;
				ENABLE_STRICT_OBJC_MSGSEND = YES;
				ENABLE_TESTABILITY = YES;
				"EXCLUDED_ARCHS[sdk=iphonesimulator*]" = i386;
				GCC_C_LANGUAGE_STANDARD = gnu99;
				GCC_DYNAMIC_NO_PIC = NO;
				GCC_NO_COMMON_BLOCKS = YES;
				GCC_OPTIMIZATION_LEVEL = 0;
				GCC_PREPROCESSOR_DEFINITIONS = (
					"DEBUG=1",
					"$(inherited)",
					_LIBCPP_ENABLE_CXX17_REMOVED_UNARY_BINARY_FUNCTION,
				);
				GCC_SYMBOLS_PRIVATE_EXTERN = NO;
				GCC_WARN_64_TO_32_BIT_CONVERSION = YES;
				GCC_WARN_ABOUT_RETURN_TYPE = YES_ERROR;
				GCC_WARN_UNDECLARED_SELECTOR = YES;
				GCC_WARN_UNINITIALIZED_AUTOS = YES_AGGRESSIVE;
				GCC_WARN_UNUSED_FUNCTION = YES;
				GCC_WARN_UNUSED_VARIABLE = YES;
				IPHONEOS_DEPLOYMENT_TARGET = 12.4;
				LD_RUNPATH_SEARCH_PATHS = (
					/usr/lib/swift,
					"$(inherited)",
				);
				LIBRARY_SEARCH_PATHS = (
					"\"$(SDKROOT)/usr/lib/swift\"",
					"\"$(TOOLCHAIN_DIR)/usr/lib/swift/$(PLATFORM_NAME)\"",
					"\"$(inherited)\"",
				);
				MTL_ENABLE_DEBUG_INFO = YES;
				ONLY_ACTIVE_ARCH = YES;
				OTHER_CFLAGS = "$(inherited)";
				OTHER_CPLUSPLUSFLAGS = (
					"$(OTHER_CFLAGS)",
					"-DFOLLY_NO_CONFIG",
					"-DFOLLY_MOBILE=1",
					"-DFOLLY_USE_LIBCPP=1",
				);
				OTHER_LDFLAGS = (
					"$(inherited)",
					"-Wl",
					"-ld_classic",
				);
				REACT_NATIVE_PATH = "${PODS_ROOT}/../../node_modules/react-native";
				SDKROOT = iphoneos;
			};
			name = Debug;
		};
		83CBBA211A601CBA00E9B192 /* Release */ = {
			isa = XCBuildConfiguration;
			buildSettings = {
				ALWAYS_SEARCH_USER_PATHS = NO;
				CLANG_ANALYZER_LOCALIZABILITY_NONLOCALIZED = YES;
				CLANG_CXX_LANGUAGE_STANDARD = "c++17";
				CLANG_CXX_LIBRARY = "libc++";
				CLANG_ENABLE_MODULES = YES;
				CLANG_ENABLE_OBJC_ARC = YES;
				CLANG_WARN_BLOCK_CAPTURE_AUTORELEASING = YES;
				CLANG_WARN_BOOL_CONVERSION = YES;
				CLANG_WARN_COMMA = YES;
				CLANG_WARN_CONSTANT_CONVERSION = YES;
				CLANG_WARN_DEPRECATED_OBJC_IMPLEMENTATIONS = YES;
				CLANG_WARN_DIRECT_OBJC_ISA_USAGE = YES_ERROR;
				CLANG_WARN_EMPTY_BODY = YES;
				CLANG_WARN_ENUM_CONVERSION = YES;
				CLANG_WARN_INFINITE_RECURSION = YES;
				CLANG_WARN_INT_CONVERSION = YES;
				CLANG_WARN_NON_LITERAL_NULL_CONVERSION = YES;
				CLANG_WARN_OBJC_IMPLICIT_RETAIN_SELF = YES;
				CLANG_WARN_OBJC_LITERAL_CONVERSION = YES;
				CLANG_WARN_OBJC_ROOT_CLASS = YES_ERROR;
				CLANG_WARN_QUOTED_INCLUDE_IN_FRAMEWORK_HEADER = YES;
				CLANG_WARN_RANGE_LOOP_ANALYSIS = YES;
				CLANG_WARN_STRICT_PROTOTYPES = YES;
				CLANG_WARN_SUSPICIOUS_MOVE = YES;
				CLANG_WARN_UNREACHABLE_CODE = YES;
				CLANG_WARN__DUPLICATE_METHOD_MATCH = YES;
				"CODE_SIGN_IDENTITY[sdk=iphoneos*]" = "iPhone Developer";
				COPY_PHASE_STRIP = YES;
				ENABLE_NS_ASSERTIONS = NO;
				ENABLE_STRICT_OBJC_MSGSEND = YES;
				"EXCLUDED_ARCHS[sdk=iphonesimulator*]" = i386;
				GCC_C_LANGUAGE_STANDARD = gnu99;
				GCC_NO_COMMON_BLOCKS = YES;
				GCC_PREPROCESSOR_DEFINITIONS = (
					"$(inherited)",
					_LIBCPP_ENABLE_CXX17_REMOVED_UNARY_BINARY_FUNCTION,
				);
				GCC_WARN_64_TO_32_BIT_CONVERSION = YES;
				GCC_WARN_ABOUT_RETURN_TYPE = YES_ERROR;
				GCC_WARN_UNDECLARED_SELECTOR = YES;
				GCC_WARN_UNINITIALIZED_AUTOS = YES_AGGRESSIVE;
				GCC_WARN_UNUSED_FUNCTION = YES;
				GCC_WARN_UNUSED_VARIABLE = YES;
				IPHONEOS_DEPLOYMENT_TARGET = 12.4;
				LD_RUNPATH_SEARCH_PATHS = (
					/usr/lib/swift,
					"$(inherited)",
				);
				LIBRARY_SEARCH_PATHS = (
					"\"$(SDKROOT)/usr/lib/swift\"",
					"\"$(TOOLCHAIN_DIR)/usr/lib/swift/$(PLATFORM_NAME)\"",
					"\"$(inherited)\"",
				);
				MTL_ENABLE_DEBUG_INFO = NO;
				OTHER_CFLAGS = "$(inherited)";
				OTHER_CPLUSPLUSFLAGS = (
					"$(OTHER_CFLAGS)",
					"-DFOLLY_NO_CONFIG",
					"-DFOLLY_MOBILE=1",
					"-DFOLLY_USE_LIBCPP=1",
				);
				OTHER_LDFLAGS = (
					"$(inherited)",
					"-Wl",
					"-ld_classic",
				);
				REACT_NATIVE_PATH = "${PODS_ROOT}/../../node_modules/react-native";
				SDKROOT = iphoneos;
				VALIDATE_PRODUCT = YES;
			};
			name = Release;
		};
/* End XCBuildConfiguration section */

/* Begin XCConfigurationList section */
		00E357021AD99517003FC87E /* Build configuration list for PBXNativeTarget "GenesisTests" */ = {
			isa = XCConfigurationList;
			buildConfigurations = (
				00E356F61AD99517003FC87E /* Debug */,
				00E356F71AD99517003FC87E /* Release */,
			);
			defaultConfigurationIsVisible = 0;
			defaultConfigurationName = Release;
		};
		13B07F931A680F5B00A75B9A /* Build configuration list for PBXNativeTarget "Genesis" */ = {
			isa = XCConfigurationList;
			buildConfigurations = (
				13B07F941A680F5B00A75B9A /* Debug */,
				13B07F951A680F5B00A75B9A /* Release */,
			);
			defaultConfigurationIsVisible = 0;
			defaultConfigurationName = Release;
		};
		83CBB9FA1A601CBA00E9B192 /* Build configuration list for PBXProject "Genesis" */ = {
			isa = XCConfigurationList;
			buildConfigurations = (
				83CBBA201A601CBA00E9B192 /* Debug */,
				83CBBA211A601CBA00E9B192 /* Release */,
			);
			defaultConfigurationIsVisible = 0;
			defaultConfigurationName = Release;
		};
/* End XCConfigurationList section */
	};
	rootObject = 83CBB9F71A601CBA00E9B192 /* Project object */;
}
